
Microsoft Visual Studio Solution File, Format Version 12.00
# Visual Studio Version 17
VisualStudioVersion = 17.2.32616.157
MinimumVisualStudioVersion = 10.0.40219.1
Project("{FAE04EC0-301F-11D3-BF4B-00C04F79EFBC}") = "APITDDSolution.API", "APITDDSolution.API\APITDDSolution.API.csproj", "{A15767EB-1EA0-45BC-8D6F-F506E93B23B1}"
EndProject
Project("{FAE04EC0-301F-11D3-BF4B-00C04F79EFBC}") = "APITDD.UnitTest", "APITDD.UnitTest\APITDD.UnitTest.csproj", "{ACE4CF74-7AB7-4DDE-9246-996E0653B43A}"
EndProject
Global
	GlobalSection(SolutionConfigurationPlatforms) = preSolution
		Debug|Any CPU = Debug|Any CPU
		Release|Any CPU = Release|Any CPU
	EndGlobalSection
	GlobalSection(ProjectConfigurationPlatforms) = postSolution
		{A15767EB-1EA0-45BC-8D6F-F506E93B23B1}.Debug|Any CPU.ActiveCfg = Debug|Any CPU
		{A15767EB-1EA0-45BC-8D6F-F506E93B23B1}.Debug|Any CPU.Build.0 = Debug|Any CPU
		{A15767EB-1EA0-45BC-8D6F-F506E93B23B1}.Release|Any CPU.ActiveCfg = Release|Any CPU
		{A15767EB-1EA0-45BC-8D6F-F506E93B23B1}.Release|Any CPU.Build.0 = Release|Any CPU
		{ACE4CF74-7AB7-4DDE-9246-996E0653B43A}.Debug|Any CPU.ActiveCfg = Debug|Any CPU
		{ACE4CF74-7AB7-4DDE-9246-996E0653B43A}.Debug|Any CPU.Build.0 = Debug|Any CPU
		{ACE4CF74-7AB7-4DDE-9246-996E0653B43A}.Release|Any CPU.ActiveCfg = Release|Any CPU
		{ACE4CF74-7AB7-4DDE-9246-996E0653B43A}.Release|Any CPU.Build.0 = Release|Any CPU
	EndGlobalSection
	GlobalSection(SolutionProperties) = preSolution
		HideSolutionNode = FALSE
	EndGlobalSection
	GlobalSection(ExtensibilityGlobals) = postSolution
		SolutionGuid = {C92292A9-27C8-4AAE-BF50-FD767100C5A5}
	EndGlobalSection
EndGlobal
